
Microsoft Visual Studio Solution File, Format Version 12.00
# Visual Studio 15
VisualStudioVersion = 15.0.28307.572
MinimumVisualStudioVersion = 10.0.40219.1
Project("{8BC9CEB8-8B4A-11D0-8D11-00A0C91BC942}") = "Exercise12", "Exercise12\Exercise12.vcxproj", "{383AC590-D6B2-43E2-9B37-D5168BE36318}"
EndProject
Global
	GlobalSection(SolutionConfigurationPlatforms) = preSolution
		Debug|x64 = Debug|x64
		Debug|x86 = Debug|x86
		Release|x64 = Release|x64
		Release|x86 = Release|x86
	EndGlobalSection
	GlobalSection(ProjectConfigurationPlatforms) = postSolution
		{383AC590-D6B2-43E2-9B37-D5168BE36318}.Debug|x64.ActiveCfg = Debug|x64
		{383AC590-D6B2-43E2-9B37-D5168BE36318}.Debug|x64.Build.0 = Debug|x64
		{383AC590-D6B2-43E2-9B37-D5168BE36318}.Debug|x86.ActiveCfg = Debug|Win32
		{383AC590-D6B2-43E2-9B37-D5168BE36318}.Debug|x86.Build.0 = Debug|Win32
		{383AC590-D6B2-43E2-9B37-D5168BE36318}.Release|x64.ActiveCfg = Release|x64
		{383AC590-D6B2-43E2-9B37-D5168BE36318}.Release|x64.Build.0 = Release|x64
		{383AC590-D6B2-43E2-9B37-D5168BE36318}.Release|x86.ActiveCfg = Release|Win32
		{383AC590-D6B2-43E2-9B37-D5168BE36318}.Release|x86.Build.0 = Release|Win32
	EndGlobalSection
	GlobalSection(SolutionProperties) = preSolution
		HideSolutionNode = FALSE
	EndGlobalSection
	GlobalSection(ExtensibilityGlobals) = postSolution
		SolutionGuid = {BCBD2953-A1ED-4F8D-A1B4-9CD695A5F903}
	EndGlobalSection
EndGlobal
